
Microsoft Visual Studio Solution File, Format Version 12.00
# Visual Studio 15
Project("{FAE04EC0-301F-11D3-BF4B-00C04F79EFBC}") = "testsms", "testsms\testsms.csproj", "{D42A638F-68B3-44DB-A28F-FD87E88CA651}"
EndProject
Global
	GlobalSection(SolutionConfigurationPlatforms) = preSolution
		Debug|Any CPU = Debug|Any CPU
		Release|Any CPU = Release|Any CPU
	EndGlobalSection
	GlobalSection(ProjectConfigurationPlatforms) = postSolution
		{D42A638F-68B3-44DB-A28F-FD87E88CA651}.Debug|Any CPU.ActiveCfg = Debug|Any CPU
		{D42A638F-68B3-44DB-A28F-FD87E88CA651}.Debug|Any CPU.Build.0 = Debug|Any CPU
		{D42A638F-68B3-44DB-A28F-FD87E88CA651}.Release|Any CPU.ActiveCfg = Release|Any CPU
		{D42A638F-68B3-44DB-A28F-FD87E88CA651}.Release|Any CPU.Build.0 = Release|Any CPU
	EndGlobalSection
EndGlobal
